// !$*UTF8*$!
{
	archiveVersion = 1;
	classes = {
	};
	objectVersion = 50;
	objects = {

/* Begin PBXBuildFile section */
		C8147477223300EB00FCE476 /* Extensions.swift in Sources */ = {isa = PBXBuildFile; fileRef = C8147476223300EB00FCE476 /* Extensions.swift */; };
		C814747B223314E200FCE476 /* MovementComponent.swift in Sources */ = {isa = PBXBuildFile; fileRef = C814747A223314E200FCE476 /* MovementComponent.swift */; };
		C83167B22231582100584C0B /* Character.swift in Sources */ = {isa = PBXBuildFile; fileRef = C83167B12231582100584C0B /* Character.swift */; };
		C83167B52231583B00584C0B /* MapGen.swift in Sources */ = {isa = PBXBuildFile; fileRef = C83167B42231583B00584C0B /* MapGen.swift */; };
		C83167BA2232CEEB00584C0B /* SpriteComponent.swift in Sources */ = {isa = PBXBuildFile; fileRef = C83167B92232CEEB00584C0B /* SpriteComponent.swift */; };
		C874AA7B2238277200FA152F /* StateMachine.swift in Sources */ = {isa = PBXBuildFile; fileRef = C874AA7A2238277200FA152F /* StateMachine.swift */; };
		C874AA7E2238439A00FA152F /* Weapon.swift in Sources */ = {isa = PBXBuildFile; fileRef = C874AA7D2238439A00FA152F /* Weapon.swift */; };
		C874AA80223843BD00FA152F /* Armor.swift in Sources */ = {isa = PBXBuildFile; fileRef = C874AA7F223843BD00FA152F /* Armor.swift */; };
		C874AA82223843CB00FA152F /* AttackMove.swift in Sources */ = {isa = PBXBuildFile; fileRef = C874AA81223843CB00FA152F /* AttackMove.swift */; };
		C874AA842238441000FA152F /* ExperienceComponent.swift in Sources */ = {isa = PBXBuildFile; fileRef = C874AA832238441000FA152F /* ExperienceComponent.swift */; };
		C874AA862238445A00FA152F /* HealthComponent.swift in Sources */ = {isa = PBXBuildFile; fileRef = C874AA852238445A00FA152F /* HealthComponent.swift */; };
		C874AA88223848B600FA152F /* InventoryComponent.swift in Sources */ = {isa = PBXBuildFile; fileRef = C874AA87223848B600FA152F /* InventoryComponent.swift */; };
		C87F7DB8223157420055E617 /* AppDelegate.swift in Sources */ = {isa = PBXBuildFile; fileRef = C87F7DB7223157420055E617 /* AppDelegate.swift */; };
		C87F7DBA223157420055E617 /* GameScene.sks in Resources */ = {isa = PBXBuildFile; fileRef = C87F7DB9223157420055E617 /* GameScene.sks */; };
		C87F7DBE223157420055E617 /* GameScene.swift in Sources */ = {isa = PBXBuildFile; fileRef = C87F7DBD223157420055E617 /* GameScene.swift */; };
		C87F7DC0223157420055E617 /* GameViewController.swift in Sources */ = {isa = PBXBuildFile; fileRef = C87F7DBF223157420055E617 /* GameViewController.swift */; };
		C87F7DC3223157420055E617 /* Main.storyboard in Resources */ = {isa = PBXBuildFile; fileRef = C87F7DC1223157420055E617 /* Main.storyboard */; };
		C87F7DC5223157440055E617 /* Assets.xcassets in Resources */ = {isa = PBXBuildFile; fileRef = C87F7DC4223157440055E617 /* Assets.xcassets */; };
		C87F7DC8223157440055E617 /* LaunchScreen.storyboard in Resources */ = {isa = PBXBuildFile; fileRef = C87F7DC6223157440055E617 /* LaunchScreen.storyboard */; };
		C8857791223935DD0092CAF5 /* Terrain.sks in Resources */ = {isa = PBXBuildFile; fileRef = C885778F223935DD0092CAF5 /* Terrain.sks */; };
		C885779622393FCC0092CAF5 /* GameData.plist in Resources */ = {isa = PBXBuildFile; fileRef = C885779522393FCC0092CAF5 /* GameData.plist */; };
		C8CD774B224014EA00227751 /* TileActions.swift in Sources */ = {isa = PBXBuildFile; fileRef = C8CD774A224014EA00227751 /* TileActions.swift */; };
		C8F9F7A9223A9D610059FB1C /* StatMenu.swift in Sources */ = {isa = PBXBuildFile; fileRef = C8F9F7A8223A9D610059FB1C /* StatMenu.swift */; };
		C8FA71C5223AB378003E063F /* MagicComponent.swift in Sources */ = {isa = PBXBuildFile; fileRef = C8FA71C4223AB378003E063F /* MagicComponent.swift */; };
		C8FA71C7223AB6C0003E063F /* ActionMenu.swift in Sources */ = {isa = PBXBuildFile; fileRef = C8FA71C6223AB6C0003E063F /* ActionMenu.swift */; };
/* End PBXBuildFile section */

/* Begin PBXFileReference section */
		C8147476223300EB00FCE476 /* Extensions.swift */ = {isa = PBXFileReference; lastKnownFileType = sourcecode.swift; path = Extensions.swift; sourceTree = "<group>"; };
		C814747A223314E200FCE476 /* MovementComponent.swift */ = {isa = PBXFileReference; lastKnownFileType = sourcecode.swift; path = MovementComponent.swift; sourceTree = "<group>"; };
		C83167B12231582100584C0B /* Character.swift */ = {isa = PBXFileReference; lastKnownFileType = sourcecode.swift; path = Character.swift; sourceTree = "<group>"; };
		C83167B42231583B00584C0B /* MapGen.swift */ = {isa = PBXFileReference; lastKnownFileType = sourcecode.swift; path = MapGen.swift; sourceTree = "<group>"; };
		C83167B7223159A500584C0B /* MyPlayground.playground */ = {isa = PBXFileReference; lastKnownFileType = file.playground; path = MyPlayground.playground; sourceTree = "<group>"; xcLanguageSpecificationIdentifier = xcode.lang.swift; };
		C83167B92232CEEB00584C0B /* SpriteComponent.swift */ = {isa = PBXFileReference; lastKnownFileType = sourcecode.swift; path = SpriteComponent.swift; sourceTree = "<group>"; };
		C874AA7A2238277200FA152F /* StateMachine.swift */ = {isa = PBXFileReference; lastKnownFileType = sourcecode.swift; path = StateMachine.swift; sourceTree = "<group>"; };
		C874AA7D2238439A00FA152F /* Weapon.swift */ = {isa = PBXFileReference; lastKnownFileType = sourcecode.swift; path = Weapon.swift; sourceTree = "<group>"; };
		C874AA7F223843BD00FA152F /* Armor.swift */ = {isa = PBXFileReference; lastKnownFileType = sourcecode.swift; path = Armor.swift; sourceTree = "<group>"; };
		C874AA81223843CB00FA152F /* AttackMove.swift */ = {isa = PBXFileReference; lastKnownFileType = sourcecode.swift; path = AttackMove.swift; sourceTree = "<group>"; };
		C874AA832238441000FA152F /* ExperienceComponent.swift */ = {isa = PBXFileReference; lastKnownFileType = sourcecode.swift; path = ExperienceComponent.swift; sourceTree = "<group>"; };
		C874AA852238445A00FA152F /* HealthComponent.swift */ = {isa = PBXFileReference; lastKnownFileType = sourcecode.swift; path = HealthComponent.swift; sourceTree = "<group>"; };
		C874AA87223848B600FA152F /* InventoryComponent.swift */ = {isa = PBXFileReference; lastKnownFileType = sourcecode.swift; path = InventoryComponent.swift; sourceTree = "<group>"; };
		C87F7DB4223157420055E617 /* tinyRPG.app */ = {isa = PBXFileReference; explicitFileType = wrapper.application; includeInIndex = 0; path = tinyRPG.app; sourceTree = BUILT_PRODUCTS_DIR; };
		C87F7DB7223157420055E617 /* AppDelegate.swift */ = {isa = PBXFileReference; lastKnownFileType = sourcecode.swift; path = AppDelegate.swift; sourceTree = "<group>"; };
		C87F7DB9223157420055E617 /* GameScene.sks */ = {isa = PBXFileReference; lastKnownFileType = file.sks; path = GameScene.sks; sourceTree = "<group>"; };
		C87F7DBD223157420055E617 /* GameScene.swift */ = {isa = PBXFileReference; lastKnownFileType = sourcecode.swift; path = GameScene.swift; sourceTree = "<group>"; };
		C87F7DBF223157420055E617 /* GameViewController.swift */ = {isa = PBXFileReference; lastKnownFileType = sourcecode.swift; path = GameViewController.swift; sourceTree = "<group>"; };
		C87F7DC2223157420055E617 /* Base */ = {isa = PBXFileReference; lastKnownFileType = file.storyboard; name = Base; path = Base.lproj/Main.storyboard; sourceTree = "<group>"; };
		C87F7DC4223157440055E617 /* Assets.xcassets */ = {isa = PBXFileReference; lastKnownFileType = folder.assetcatalog; path = Assets.xcassets; sourceTree = "<group>"; };
		C87F7DC7223157440055E617 /* Base */ = {isa = PBXFileReference; lastKnownFileType = file.storyboard; name = Base; path = Base.lproj/LaunchScreen.storyboard; sourceTree = "<group>"; };
		C87F7DC9223157440055E617 /* Info.plist */ = {isa = PBXFileReference; lastKnownFileType = text.plist.xml; path = Info.plist; sourceTree = "<group>"; };
		C885778F223935DD0092CAF5 /* Terrain.sks */ = {isa = PBXFileReference; lastKnownFileType = file.sks; path = Terrain.sks; sourceTree = "<group>"; };
		C885779522393FCC0092CAF5 /* GameData.plist */ = {isa = PBXFileReference; lastKnownFileType = text.plist.xml; path = GameData.plist; sourceTree = "<group>"; };
		C8CD774A224014EA00227751 /* TileActions.swift */ = {isa = PBXFileReference; lastKnownFileType = sourcecode.swift; path = TileActions.swift; sourceTree = "<group>"; };
		C8F9F7A8223A9D610059FB1C /* StatMenu.swift */ = {isa = PBXFileReference; lastKnownFileType = sourcecode.swift; path = StatMenu.swift; sourceTree = "<group>"; };
		C8FA71C4223AB378003E063F /* MagicComponent.swift */ = {isa = PBXFileReference; lastKnownFileType = sourcecode.swift; path = MagicComponent.swift; sourceTree = "<group>"; };
		C8FA71C6223AB6C0003E063F /* ActionMenu.swift */ = {isa = PBXFileReference; lastKnownFileType = sourcecode.swift; path = ActionMenu.swift; sourceTree = "<group>"; };
/* End PBXFileReference section */

/* Begin PBXFrameworksBuildPhase section */
		C87F7DB1223157420055E617 /* Frameworks */ = {
			isa = PBXFrameworksBuildPhase;
			buildActionMask = 2147483647;
			files = (
			);
			runOnlyForDeploymentPostprocessing = 0;
		};
/* End PBXFrameworksBuildPhase section */

/* Begin PBXGroup section */
		C83167B32231582600584C0B /* Character */ = {
			isa = PBXGroup;
			children = (
				C83167B12231582100584C0B /* Character.swift */,
				C83167B82232CEDE00584C0B /* CharacterComponents */,
			);
			path = Character;
			sourceTree = "<group>";
		};
		C83167B62231583E00584C0B /* World */ = {
			isa = PBXGroup;
			children = (
				C874AA7A2238277200FA152F /* StateMachine.swift */,
				C83167B42231583B00584C0B /* MapGen.swift */,
				C885778F223935DD0092CAF5 /* Terrain.sks */,
			);
			path = World;
			sourceTree = "<group>";
		};
		C83167B82232CEDE00584C0B /* CharacterComponents */ = {
			isa = PBXGroup;
			children = (
				C83167B92232CEEB00584C0B /* SpriteComponent.swift */,
				C814747A223314E200FCE476 /* MovementComponent.swift */,
				C874AA832238441000FA152F /* ExperienceComponent.swift */,
				C874AA852238445A00FA152F /* HealthComponent.swift */,
				C8FA71C4223AB378003E063F /* MagicComponent.swift */,
				C874AA87223848B600FA152F /* InventoryComponent.swift */,
			);
			path = CharacterComponents;
			sourceTree = "<group>";
		};
		C874AA792238275A00FA152F /* Interface */ = {
			isa = PBXGroup;
			children = (
				C8F9F7A8223A9D610059FB1C /* StatMenu.swift */,
				C8FA71C6223AB6C0003E063F /* ActionMenu.swift */,
				C8CD774A224014EA00227751 /* TileActions.swift */,
			);
			path = Interface;
			sourceTree = "<group>";
		};
		C874AA7C2238435200FA152F /* Items */ = {
			isa = PBXGroup;
			children = (
				C874AA7D2238439A00FA152F /* Weapon.swift */,
				C874AA7F223843BD00FA152F /* Armor.swift */,
				C874AA81223843CB00FA152F /* AttackMove.swift */,
			);
			path = Items;
			sourceTree = "<group>";
		};
		C87F7DAB223157420055E617 = {
			isa = PBXGroup;
			children = (
				C87F7DB6223157420055E617 /* tinyRPG */,
				C87F7DB5223157420055E617 /* Products */,
			);
			sourceTree = "<group>";
		};
		C87F7DB5223157420055E617 /* Products */ = {
			isa = PBXGroup;
			children = (
				C87F7DB4223157420055E617 /* tinyRPG.app */,
			);
			name = Products;
			sourceTree = "<group>";
		};
		C87F7DB6223157420055E617 /* tinyRPG */ = {
			isa = PBXGroup;
			children = (
				C83167B7223159A500584C0B /* MyPlayground.playground */,
				C87F7DBF223157420055E617 /* GameViewController.swift */,
				C87F7DBD223157420055E617 /* GameScene.swift */,
				C874AA792238275A00FA152F /* Interface */,
				C83167B32231582600584C0B /* Character */,
				C874AA7C2238435200FA152F /* Items */,
				C83167B62231583E00584C0B /* World */,
				C87F7DD12231578C0055E617 /* Support */,
			);
			path = tinyRPG;
			sourceTree = "<group>";
		};
		C87F7DD12231578C0055E617 /* Support */ = {
			isa = PBXGroup;
			children = (
				C87F7DB9223157420055E617 /* GameScene.sks */,
				C8147476223300EB00FCE476 /* Extensions.swift */,
				C87F7DB7223157420055E617 /* AppDelegate.swift */,
				C87F7DC4223157440055E617 /* Assets.xcassets */,
				C87F7DC1223157420055E617 /* Main.storyboard */,
				C87F7DC6223157440055E617 /* LaunchScreen.storyboard */,
				C87F7DC9223157440055E617 /* Info.plist */,
				C885779522393FCC0092CAF5 /* GameData.plist */,
			);
			path = Support;
			sourceTree = "<group>";
		};
/* End PBXGroup section */

/* Begin PBXNativeTarget section */
		C87F7DB3223157420055E617 /* tinyRPG */ = {
			isa = PBXNativeTarget;
			buildConfigurationList = C87F7DCC223157440055E617 /* Build configuration list for PBXNativeTarget "tinyRPG" */;
			buildPhases = (
				C87F7DB0223157420055E617 /* Sources */,
				C87F7DB1223157420055E617 /* Frameworks */,
				C87F7DB2223157420055E617 /* Resources */,
			);
			buildRules = (
			);
			dependencies = (
			);
			name = tinyRPG;
			productName = tinyRPG;
			productReference = C87F7DB4223157420055E617 /* tinyRPG.app */;
			productType = "com.apple.product-type.application";
		};
/* End PBXNativeTarget section */

/* Begin PBXProject section */
		C87F7DAC223157420055E617 /* Project object */ = {
			isa = PBXProject;
			attributes = {
				LastSwiftUpdateCheck = 1020;
				LastUpgradeCheck = 1020;
				ORGANIZATIONNAME = "Logan Roberts";
				TargetAttributes = {
					C87F7DB3223157420055E617 = {
						CreatedOnToolsVersion = 10.2;
					};
				};
			};
			buildConfigurationList = C87F7DAF223157420055E617 /* Build configuration list for PBXProject "tinyRPG" */;
			compatibilityVersion = "Xcode 9.3";
			developmentRegion = en;
			hasScannedForEncodings = 0;
			knownRegions = (
				en,
				Base,
			);
			mainGroup = C87F7DAB223157420055E617;
			productRefGroup = C87F7DB5223157420055E617 /* Products */;
			projectDirPath = "";
			projectRoot = "";
			targets = (
				C87F7DB3223157420055E617 /* tinyRPG */,
			);
		};
/* End PBXProject section */

/* Begin PBXResourcesBuildPhase section */
		C87F7DB2223157420055E617 /* Resources */ = {
			isa = PBXResourcesBuildPhase;
			buildActionMask = 2147483647;
			files = (
				C885779622393FCC0092CAF5 /* GameData.plist in Resources */,
				C87F7DC3223157420055E617 /* Main.storyboard in Resources */,
				C87F7DBA223157420055E617 /* GameScene.sks in Resources */,
				C87F7DC5223157440055E617 /* Assets.xcassets in Resources */,
				C87F7DC8223157440055E617 /* LaunchScreen.storyboard in Resources */,
				C8857791223935DD0092CAF5 /* Terrain.sks in Resources */,
			);
			runOnlyForDeploymentPostprocessing = 0;
		};
/* End PBXResourcesBuildPhase section */

/* Begin PBXSourcesBuildPhase section */
		C87F7DB0223157420055E617 /* Sources */ = {
			isa = PBXSourcesBuildPhase;
			buildActionMask = 2147483647;
			files = (
				C8FA71C7223AB6C0003E063F /* ActionMenu.swift in Sources */,
				C874AA88223848B600FA152F /* InventoryComponent.swift in Sources */,
				C814747B223314E200FCE476 /* MovementComponent.swift in Sources */,
				C87F7DBE223157420055E617 /* GameScene.swift in Sources */,
				C83167B52231583B00584C0B /* MapGen.swift in Sources */,
				C8CD774B224014EA00227751 /* TileActions.swift in Sources */,
				C87F7DC0223157420055E617 /* GameViewController.swift in Sources */,
				C874AA7E2238439A00FA152F /* Weapon.swift in Sources */,
				C87F7DB8223157420055E617 /* AppDelegate.swift in Sources */,
				C874AA842238441000FA152F /* ExperienceComponent.swift in Sources */,
				C874AA7B2238277200FA152F /* StateMachine.swift in Sources */,
				C874AA862238445A00FA152F /* HealthComponent.swift in Sources */,
				C83167BA2232CEEB00584C0B /* SpriteComponent.swift in Sources */,
				C874AA82223843CB00FA152F /* AttackMove.swift in Sources */,
				C8F9F7A9223A9D610059FB1C /* StatMenu.swift in Sources */,
				C83167B22231582100584C0B /* Character.swift in Sources */,
				C874AA80223843BD00FA152F /* Armor.swift in Sources */,
				C8147477223300EB00FCE476 /* Extensions.swift in Sources */,
				C8FA71C5223AB378003E063F /* MagicComponent.swift in Sources */,
			);
			runOnlyForDeploymentPostprocessing = 0;
		};
/* End PBXSourcesBuildPhase section */

/* Begin PBXVariantGroup section */
		C87F7DC1223157420055E617 /* Main.storyboard */ = {
			isa = PBXVariantGroup;
			children = (
				C87F7DC2223157420055E617 /* Base */,
			);
			name = Main.storyboard;
			sourceTree = "<group>";
		};
		C87F7DC6223157440055E617 /* LaunchScreen.storyboard */ = {
			isa = PBXVariantGroup;
			children = (
				C87F7DC7223157440055E617 /* Base */,
			);
			name = LaunchScreen.storyboard;
			sourceTree = "<group>";
		};
/* End PBXVariantGroup section */

/* Begin XCBuildConfiguration section */
		C87F7DCA223157440055E617 /* Debug */ = {
			isa = XCBuildConfiguration;
			buildSettings = {
				ALWAYS_SEARCH_USER_PATHS = NO;
				CLANG_ANALYZER_NONNULL = YES;
				CLANG_ANALYZER_NUMBER_OBJECT_CONVERSION = YES_AGGRESSIVE;
				CLANG_CXX_LANGUAGE_STANDARD = "gnu++14";
				CLANG_CXX_LIBRARY = "libc++";
				CLANG_ENABLE_MODULES = YES;
				CLANG_ENABLE_OBJC_ARC = YES;
				CLANG_ENABLE_OBJC_WEAK = YES;
				CLANG_WARN_BLOCK_CAPTURE_AUTORELEASING = YES;
				CLANG_WARN_BOOL_CONVERSION = YES;
				CLANG_WARN_COMMA = YES;
				CLANG_WARN_CONSTANT_CONVERSION = YES;
				CLANG_WARN_DEPRECATED_OBJC_IMPLEMENTATIONS = YES;
				CLANG_WARN_DIRECT_OBJC_ISA_USAGE = YES_ERROR;
				CLANG_WARN_DOCUMENTATION_COMMENTS = YES;
				CLANG_WARN_EMPTY_BODY = YES;
				CLANG_WARN_ENUM_CONVERSION = YES;
				CLANG_WARN_INFINITE_RECURSION = YES;
				CLANG_WARN_INT_CONVERSION = YES;
				CLANG_WARN_NON_LITERAL_NULL_CONVERSION = YES;
				CLANG_WARN_OBJC_IMPLICIT_RETAIN_SELF = YES;
				CLANG_WARN_OBJC_LITERAL_CONVERSION = YES;
				CLANG_WARN_OBJC_ROOT_CLASS = YES_ERROR;
				CLANG_WARN_RANGE_LOOP_ANALYSIS = YES;
				CLANG_WARN_STRICT_PROTOTYPES = YES;
				CLANG_WARN_SUSPICIOUS_MOVE = YES;
				CLANG_WARN_UNGUARDED_AVAILABILITY = YES_AGGRESSIVE;
				CLANG_WARN_UNREACHABLE_CODE = YES;
				CLANG_WARN__DUPLICATE_METHOD_MATCH = YES;
				CODE_SIGN_IDENTITY = "iPhone Developer";
				COPY_PHASE_STRIP = NO;
				DEBUG_INFORMATION_FORMAT = dwarf;
				ENABLE_STRICT_OBJC_MSGSEND = YES;
				ENABLE_TESTABILITY = YES;
				GCC_C_LANGUAGE_STANDARD = gnu11;
				GCC_DYNAMIC_NO_PIC = NO;
				GCC_NO_COMMON_BLOCKS = YES;
				GCC_OPTIMIZATION_LEVEL = 0;
				GCC_PREPROCESSOR_DEFINITIONS = (
					"DEBUG=1",
					"$(inherited)",
				);
				GCC_WARN_64_TO_32_BIT_CONVERSION = YES;
				GCC_WARN_ABOUT_RETURN_TYPE = YES_ERROR;
				GCC_WARN_UNDECLARED_SELECTOR = YES;
				GCC_WARN_UNINITIALIZED_AUTOS = YES_AGGRESSIVE;
				GCC_WARN_UNUSED_FUNCTION = YES;
				GCC_WARN_UNUSED_VARIABLE = YES;
				IPHONEOS_DEPLOYMENT_TARGET = 12.2;
				MTL_ENABLE_DEBUG_INFO = INCLUDE_SOURCE;
				MTL_FAST_MATH = YES;
				ONLY_ACTIVE_ARCH = YES;
				SDKROOT = iphoneos;
				SWIFT_ACTIVE_COMPILATION_CONDITIONS = DEBUG;
				SWIFT_OPTIMIZATION_LEVEL = "-Onone";
			};
			name = Debug;
		};
		C87F7DCB223157440055E617 /* Release */ = {
			isa = XCBuildConfiguration;
			buildSettings = {
				ALWAYS_SEARCH_USER_PATHS = NO;
				CLANG_ANALYZER_NONNULL = YES;
				CLANG_ANALYZER_NUMBER_OBJECT_CONVERSION = YES_AGGRESSIVE;
				CLANG_CXX_LANGUAGE_STANDARD = "gnu++14";
				CLANG_CXX_LIBRARY = "libc++";
				CLANG_ENABLE_MODULES = YES;
				CLANG_ENABLE_OBJC_ARC = YES;
				CLANG_ENABLE_OBJC_WEAK = YES;
				CLANG_WARN_BLOCK_CAPTURE_AUTORELEASING = YES;
				CLANG_WARN_BOOL_CONVERSION = YES;
				CLANG_WARN_COMMA = YES;
				CLANG_WARN_CONSTANT_CONVERSION = YES;
				CLANG_WARN_DEPRECATED_OBJC_IMPLEMENTATIONS = YES;
				CLANG_WARN_DIRECT_OBJC_ISA_USAGE = YES_ERROR;
				CLANG_WARN_DOCUMENTATION_COMMENTS = YES;
				CLANG_WARN_EMPTY_BODY = YES;
				CLANG_WARN_ENUM_CONVERSION = YES;
				CLANG_WARN_INFINITE_RECURSION = YES;
				CLANG_WARN_INT_CONVERSION = YES;
				CLANG_WARN_NON_LITERAL_NULL_CONVERSION = YES;
				CLANG_WARN_OBJC_IMPLICIT_RETAIN_SELF = YES;
				CLANG_WARN_OBJC_LITERAL_CONVERSION = YES;
				CLANG_WARN_OBJC_ROOT_CLASS = YES_ERROR;
				CLANG_WARN_RANGE_LOOP_ANALYSIS = YES;
				CLANG_WARN_STRICT_PROTOTYPES = YES;
				CLANG_WARN_SUSPICIOUS_MOVE = YES;
				CLANG_WARN_UNGUARDED_AVAILABILITY = YES_AGGRESSIVE;
				CLANG_WARN_UNREACHABLE_CODE = YES;
				CLANG_WARN__DUPLICATE_METHOD_MATCH = YES;
				CODE_SIGN_IDENTITY = "iPhone Developer";
				COPY_PHASE_STRIP = NO;
				DEBUG_INFORMATION_FORMAT = "dwarf-with-dsym";
				ENABLE_NS_ASSERTIONS = NO;
				ENABLE_STRICT_OBJC_MSGSEND = YES;
				GCC_C_LANGUAGE_STANDARD = gnu11;
				GCC_NO_COMMON_BLOCKS = YES;
				GCC_WARN_64_TO_32_BIT_CONVERSION = YES;
				GCC_WARN_ABOUT_RETURN_TYPE = YES_ERROR;
				GCC_WARN_UNDECLARED_SELECTOR = YES;
				GCC_WARN_UNINITIALIZED_AUTOS = YES_AGGRESSIVE;
				GCC_WARN_UNUSED_FUNCTION = YES;
				GCC_WARN_UNUSED_VARIABLE = YES;
				IPHONEOS_DEPLOYMENT_TARGET = 12.2;
				MTL_ENABLE_DEBUG_INFO = NO;
				MTL_FAST_MATH = YES;
				SDKROOT = iphoneos;
				SWIFT_COMPILATION_MODE = wholemodule;
				SWIFT_OPTIMIZATION_LEVEL = "-O";
				VALIDATE_PRODUCT = YES;
			};
			name = Release;
		};
		C87F7DCD223157440055E617 /* Debug */ = {
			isa = XCBuildConfiguration;
			buildSettings = {
				ASSETCATALOG_COMPILER_APPICON_NAME = AppIcon;
				CODE_SIGN_STYLE = Automatic;
				DEVELOPMENT_TEAM = 4CJPA6ZPGD;
				INFOPLIST_FILE = tinyRPG/Support/Info.plist;
				LD_RUNPATH_SEARCH_PATHS = (
					"$(inherited)",
					"@executable_path/Frameworks",
				);
				PRODUCT_BUNDLE_IDENTIFIER = loganroberts.tinyRPG;
				PRODUCT_NAME = "$(TARGET_NAME)";
				SWIFT_VERSION = 5.0;
				TARGETED_DEVICE_FAMILY = "1,2";
			};
			name = Debug;
		};
		C87F7DCE223157440055E617 /* Release */ = {
			isa = XCBuildConfiguration;
			buildSettings = {
				ASSETCATALOG_COMPILER_APPICON_NAME = AppIcon;
				CODE_SIGN_STYLE = Automatic;
				DEVELOPMENT_TEAM = 4CJPA6ZPGD;
				INFOPLIST_FILE = tinyRPG/Support/Info.plist;
				LD_RUNPATH_SEARCH_PATHS = (
					"$(inherited)",
					"@executable_path/Frameworks",
				);
				PRODUCT_BUNDLE_IDENTIFIER = loganroberts.tinyRPG;
				PRODUCT_NAME = "$(TARGET_NAME)";
				SWIFT_VERSION = 5.0;
				TARGETED_DEVICE_FAMILY = "1,2";
			};
			name = Release;
		};
/* End XCBuildConfiguration section */

/* Begin XCConfigurationList section */
		C87F7DAF223157420055E617 /* Build configuration list for PBXProject "tinyRPG" */ = {
			isa = XCConfigurationList;
			buildConfigurations = (
				C87F7DCA223157440055E617 /* Debug */,
				C87F7DCB223157440055E617 /* Release */,
			);
			defaultConfigurationIsVisible = 0;
			defaultConfigurationName = Release;
		};
		C87F7DCC223157440055E617 /* Build configuration list for PBXNativeTarget "tinyRPG" */ = {
			isa = XCConfigurationList;
			buildConfigurations = (
				C87F7DCD223157440055E617 /* Debug */,
				C87F7DCE223157440055E617 /* Release */,
			);
			defaultConfigurationIsVisible = 0;
			defaultConfigurationName = Release;
		};
/* End XCConfigurationList section */
	};
	rootObject = C87F7DAC223157420055E617 /* Project object */;
}
